
Microsoft Visual Studio Solution File, Format Version 12.00
# Visual Studio Version 16
VisualStudioVersion = 16.0.29209.62
MinimumVisualStudioVersion = 10.0.40219.1
Project("{FAE04EC0-301F-11D3-BF4B-00C04F79EFBC}") = "CustomMenuPointers", "CustomMenuPointers\CustomMenuPointers.csproj", "{4488C785-6249-4CDC-8203-38CB97045BFE}"
EndProject
Project("{2150E333-8FDC-42A3-9474-1A3956D46DE8}") = "Solution Items", "Solution Items", "{3CDBAA68-B56A-4F3B-B81A-1D9814E338A0}"
	ProjectSection(SolutionItems) = preProject
		.gitattributes = .gitattributes
		.gitignore = .gitignore
		LICENSE = LICENSE
		README.md = README.md
	EndProjectSection
EndProject
Global
	GlobalSection(SolutionConfigurationPlatforms) = preSolution
		Debug|Any CPU = Debug|Any CPU
		Release|Any CPU = Release|Any CPU
	EndGlobalSection
	GlobalSection(ProjectConfigurationPlatforms) = postSolution
		{4488C785-6249-4CDC-8203-38CB97045BFE}.Debug|Any CPU.ActiveCfg = Debug|Any CPU
		{4488C785-6249-4CDC-8203-38CB97045BFE}.Debug|Any CPU.Build.0 = Debug|Any CPU
		{4488C785-6249-4CDC-8203-38CB97045BFE}.Release|Any CPU.ActiveCfg = Release|Any CPU
		{4488C785-6249-4CDC-8203-38CB97045BFE}.Release|Any CPU.Build.0 = Release|Any CPU
	EndGlobalSection
	GlobalSection(SolutionProperties) = preSolution
		HideSolutionNode = FALSE
	EndGlobalSection
	GlobalSection(ExtensibilityGlobals) = postSolution
		SolutionGuid = {57D47D2A-4A49-4CDC-8B40-9DFB6E4840B5}
	EndGlobalSection
EndGlobal
